// !$*UTF8*$!
{
	archiveVersion = 1;
	classes = {
	};
	objectVersion = 56;
	objects = {

/* Begin PBXBuildFile section */
		AC0073CB2CD1825200F91623 /* ImageSaver.swift in Sources */ = {isa = PBXBuildFile; fileRef = AC0073CA2CD1824F00F91623 /* ImageSaver.swift */; };
		AC1DBEBA2CC5342300571253 /* SymbolPicker in Frameworks */ = {isa = PBXBuildFile; productRef = AC1DBEB92CC5342300571253 /* SymbolPicker */; };
		AC1DBEBC2CC5615700571253 /* Settings.swift in Sources */ = {isa = PBXBuildFile; fileRef = AC1DBEBB2CC5615500571253 /* Settings.swift */; };
		AC1F6B842CE92F31004E8D30 /* FileBookmarks.swift in Sources */ = {isa = PBXBuildFile; fileRef = AC1F6B832CE92F29004E8D30 /* FileBookmarks.swift */; };
		AC55DFD52CCE4C6E004D6D87 /* ViewExt.swift in Sources */ = {isa = PBXBuildFile; fileRef = AC55DFD42CCE4C69004D6D87 /* ViewExt.swift */; };
		AC5FC8B72CAF20D4003AC6FC /* SomLauncherApp.swift in Sources */ = {isa = PBXBuildFile; fileRef = AC5FC8B62CAF20D4003AC6FC /* SomLauncherApp.swift */; };
		AC5FC8B92CAF20D4003AC6FC /* ContentView.swift in Sources */ = {isa = PBXBuildFile; fileRef = AC5FC8B82CAF20D4003AC6FC /* ContentView.swift */; };
		AC5FC8BB2CAF20D6003AC6FC /* Assets.xcassets in Resources */ = {isa = PBXBuildFile; fileRef = AC5FC8BA2CAF20D6003AC6FC /* Assets.xcassets */; };
		AC5FC8BE2CAF20D6003AC6FC /* Preview Assets.xcassets in Resources */ = {isa = PBXBuildFile; fileRef = AC5FC8BD2CAF20D6003AC6FC /* Preview Assets.xcassets */; };
		AC5FC8D32CAF20D6003AC6FC /* SomLauncherUITests.swift in Sources */ = {isa = PBXBuildFile; fileRef = AC5FC8D22CAF20D6003AC6FC /* SomLauncherUITests.swift */; };
		AC6035762CCD057500A38C98 /* DockIcon.swift in Sources */ = {isa = PBXBuildFile; fileRef = AC6035752CCD057200A38C98 /* DockIcon.swift */; };
		AC7F09F02E945D8500E28D13 /* SomLauncher-icon.icon in Resources */ = {isa = PBXBuildFile; fileRef = AC7F09EF2E945D8500E28D13 /* SomLauncher-icon.icon */; };
		AC837C172CF21A49007C70C7 /* OnboardingView.swift in Sources */ = {isa = PBXBuildFile; fileRef = AC837C162CF21A45007C70C7 /* OnboardingView.swift */; };
		AC89149E2CB14D1300C476B4 /* AppIconProvider.swift in Sources */ = {isa = PBXBuildFile; fileRef = AC89149D2CB14D0C00C476B4 /* AppIconProvider.swift */; };
		AC8914A02CB3076200C476B4 /* FileManager.swift in Sources */ = {isa = PBXBuildFile; fileRef = AC89149F2CB3076000C476B4 /* FileManager.swift */; };
		AC8914A22CB3083400C476B4 /* SelectAppSheet.swift in Sources */ = {isa = PBXBuildFile; fileRef = AC8914A12CB3082F00C476B4 /* SelectAppSheet.swift */; };
		AC8914A52CB3085C00C476B4 /* ButtonStyles.swift in Sources */ = {isa = PBXBuildFile; fileRef = AC8914A42CB3085900C476B4 /* ButtonStyles.swift */; };
		AC8914A72CB31F9400C476B4 /* SectionStyles.swift in Sources */ = {isa = PBXBuildFile; fileRef = AC8914A62CB31F9100C476B4 /* SectionStyles.swift */; };
		AC8914A92CB46BCE00C476B4 /* CreateLaunchItemView.swift in Sources */ = {isa = PBXBuildFile; fileRef = AC8914A82CB46BC200C476B4 /* CreateLaunchItemView.swift */; };
		AC8914AD2CB46CC100C476B4 /* LauncherScript.swift in Sources */ = {isa = PBXBuildFile; fileRef = AC8914AC2CB46CBE00C476B4 /* LauncherScript.swift */; };
		AC8914AF2CB470A900C476B4 /* LabelStyles.swift in Sources */ = {isa = PBXBuildFile; fileRef = AC8914AE2CB470A700C476B4 /* LabelStyles.swift */; };
		AC9342532CB075EF005AA1C2 /* AppMenu.swift in Sources */ = {isa = PBXBuildFile; fileRef = AC9342522CB075EB005AA1C2 /* AppMenu.swift */; };
		ACD825E22CBC4FDC00106A77 /* LaunchBuilderView.swift in Sources */ = {isa = PBXBuildFile; fileRef = ACD825E12CBC4FDB00106A77 /* LaunchBuilderView.swift */; };
		ACD825E82CBC532700106A77 /* AppLauncher.swift in Sources */ = {isa = PBXBuildFile; fileRef = ACD825E72CBC532700106A77 /* AppLauncher.swift */; };
		ACD825EA2CBC542000106A77 /* LaunchAction.swift in Sources */ = {isa = PBXBuildFile; fileRef = ACD825E92CBC542000106A77 /* LaunchAction.swift */; };
		ACF8D20E2CC1A6AD0085E34C /* LaunchAtLogin in Frameworks */ = {isa = PBXBuildFile; productRef = ACF8D20D2CC1A6AD0085E34C /* LaunchAtLogin */; };
		ACFFEBAA2CBB0CBB00965AA3 /* UrlInputSheet.swift in Sources */ = {isa = PBXBuildFile; fileRef = ACFFEBA92CBB0CB600965AA3 /* UrlInputSheet.swift */; };
/* End PBXBuildFile section */

/* Begin PBXContainerItemProxy section */
		AC5FC8C52CAF20D6003AC6FC /* PBXContainerItemProxy */ = {
			isa = PBXContainerItemProxy;
			containerPortal = AC5FC8AB2CAF20D4003AC6FC /* Project object */;
			proxyType = 1;
			remoteGlobalIDString = AC5FC8B22CAF20D4003AC6FC;
			remoteInfo = xLauncher;
		};
		AC5FC8CF2CAF20D6003AC6FC /* PBXContainerItemProxy */ = {
			isa = PBXContainerItemProxy;
			containerPortal = AC5FC8AB2CAF20D4003AC6FC /* Project object */;
			proxyType = 1;
			remoteGlobalIDString = AC5FC8B22CAF20D4003AC6FC;
			remoteInfo = xLauncher;
		};
/* End PBXContainerItemProxy section */

/* Begin PBXFileReference section */
		AC0073CA2CD1824F00F91623 /* ImageSaver.swift */ = {isa = PBXFileReference; lastKnownFileType = sourcecode.swift; path = ImageSaver.swift; sourceTree = "<group>"; };
		AC0208FF2D983B4A00AB2AE1 /* Info.plist */ = {isa = PBXFileReference; lastKnownFileType = text.plist; path = Info.plist; sourceTree = "<group>"; };
		AC1DBEBB2CC5615500571253 /* Settings.swift */ = {isa = PBXFileReference; lastKnownFileType = sourcecode.swift; path = Settings.swift; sourceTree = "<group>"; };
		AC1F6B832CE92F29004E8D30 /* FileBookmarks.swift */ = {isa = PBXFileReference; lastKnownFileType = sourcecode.swift; path = FileBookmarks.swift; sourceTree = "<group>"; };
		AC55DFD42CCE4C69004D6D87 /* ViewExt.swift */ = {isa = PBXFileReference; lastKnownFileType = sourcecode.swift; path = ViewExt.swift; sourceTree = "<group>"; };
		AC5FC8B32CAF20D4003AC6FC /* SomLauncher.app */ = {isa = PBXFileReference; explicitFileType = wrapper.application; includeInIndex = 0; path = SomLauncher.app; sourceTree = BUILT_PRODUCTS_DIR; };
		AC5FC8B62CAF20D4003AC6FC /* SomLauncherApp.swift */ = {isa = PBXFileReference; lastKnownFileType = sourcecode.swift; path = SomLauncherApp.swift; sourceTree = "<group>"; };
		AC5FC8B82CAF20D4003AC6FC /* ContentView.swift */ = {isa = PBXFileReference; lastKnownFileType = sourcecode.swift; path = ContentView.swift; sourceTree = "<group>"; };
		AC5FC8BA2CAF20D6003AC6FC /* Assets.xcassets */ = {isa = PBXFileReference; lastKnownFileType = folder.assetcatalog; path = Assets.xcassets; sourceTree = "<group>"; };
		AC5FC8BD2CAF20D6003AC6FC /* Preview Assets.xcassets */ = {isa = PBXFileReference; lastKnownFileType = folder.assetcatalog; path = "Preview Assets.xcassets"; sourceTree = "<group>"; };
		AC5FC8BF2CAF20D6003AC6FC /* SomLauncher.entitlements */ = {isa = PBXFileReference; lastKnownFileType = text.plist.entitlements; path = SomLauncher.entitlements; sourceTree = "<group>"; };
		AC5FC8C42CAF20D6003AC6FC /* SomLauncherTests.xctest */ = {isa = PBXFileReference; explicitFileType = wrapper.cfbundle; includeInIndex = 0; path = SomLauncherTests.xctest; sourceTree = BUILT_PRODUCTS_DIR; };
		AC5FC8CE2CAF20D6003AC6FC /* SomLauncherUITests.xctest */ = {isa = PBXFileReference; explicitFileType = wrapper.cfbundle; includeInIndex = 0; path = SomLauncherUITests.xctest; sourceTree = BUILT_PRODUCTS_DIR; };
		AC5FC8D22CAF20D6003AC6FC /* SomLauncherUITests.swift */ = {isa = PBXFileReference; lastKnownFileType = sourcecode.swift; path = SomLauncherUITests.swift; sourceTree = "<group>"; };
		AC6035752CCD057200A38C98 /* DockIcon.swift */ = {isa = PBXFileReference; lastKnownFileType = sourcecode.swift; path = DockIcon.swift; sourceTree = "<group>"; };
		AC7F09EF2E945D8500E28D13 /* SomLauncher-icon.icon */ = {isa = PBXFileReference; lastKnownFileType = folder.iconcomposer.icon; path = "SomLauncher-icon.icon"; sourceTree = "<group>"; };
		AC837C162CF21A45007C70C7 /* OnboardingView.swift */ = {isa = PBXFileReference; lastKnownFileType = sourcecode.swift; path = OnboardingView.swift; sourceTree = "<group>"; };
		AC89149D2CB14D0C00C476B4 /* AppIconProvider.swift */ = {isa = PBXFileReference; lastKnownFileType = sourcecode.swift; path = AppIconProvider.swift; sourceTree = "<group>"; };
		AC89149F2CB3076000C476B4 /* FileManager.swift */ = {isa = PBXFileReference; lastKnownFileType = sourcecode.swift; path = FileManager.swift; sourceTree = "<group>"; };
		AC8914A12CB3082F00C476B4 /* SelectAppSheet.swift */ = {isa = PBXFileReference; lastKnownFileType = sourcecode.swift; path = SelectAppSheet.swift; sourceTree = "<group>"; };
		AC8914A42CB3085900C476B4 /* ButtonStyles.swift */ = {isa = PBXFileReference; lastKnownFileType = sourcecode.swift; path = ButtonStyles.swift; sourceTree = "<group>"; };
		AC8914A62CB31F9100C476B4 /* SectionStyles.swift */ = {isa = PBXFileReference; lastKnownFileType = sourcecode.swift; path = SectionStyles.swift; sourceTree = "<group>"; };
		AC8914A82CB46BC200C476B4 /* CreateLaunchItemView.swift */ = {isa = PBXFileReference; lastKnownFileType = sourcecode.swift; path = CreateLaunchItemView.swift; sourceTree = "<group>"; };
		AC8914AC2CB46CBE00C476B4 /* LauncherScript.swift */ = {isa = PBXFileReference; lastKnownFileType = sourcecode.swift; path = LauncherScript.swift; sourceTree = "<group>"; };
		AC8914AE2CB470A700C476B4 /* LabelStyles.swift */ = {isa = PBXFileReference; lastKnownFileType = sourcecode.swift; path = LabelStyles.swift; sourceTree = "<group>"; };
		AC9342522CB075EB005AA1C2 /* AppMenu.swift */ = {isa = PBXFileReference; lastKnownFileType = sourcecode.swift; path = AppMenu.swift; sourceTree = "<group>"; };
		ACAC652E2CD66E4400A258D8 /* SomLauncherRelease.entitlements */ = {isa = PBXFileReference; lastKnownFileType = text.plist.entitlements; path = SomLauncherRelease.entitlements; sourceTree = "<group>"; };
		ACD825E12CBC4FDB00106A77 /* LaunchBuilderView.swift */ = {isa = PBXFileReference; lastKnownFileType = sourcecode.swift; path = LaunchBuilderView.swift; sourceTree = "<group>"; };
		ACD825E72CBC532700106A77 /* AppLauncher.swift */ = {isa = PBXFileReference; lastKnownFileType = sourcecode.swift; path = AppLauncher.swift; sourceTree = "<group>"; };
		ACD825E92CBC542000106A77 /* LaunchAction.swift */ = {isa = PBXFileReference; lastKnownFileType = sourcecode.swift; path = LaunchAction.swift; sourceTree = "<group>"; };
		ACE08EA52DDA6489003130C7 /* SomLauncher.xctestplan */ = {isa = PBXFileReference; lastKnownFileType = text; path = SomLauncher.xctestplan; sourceTree = "<group>"; };
		ACFFEBA92CBB0CB600965AA3 /* UrlInputSheet.swift */ = {isa = PBXFileReference; lastKnownFileType = sourcecode.swift; path = UrlInputSheet.swift; sourceTree = "<group>"; };
/* End PBXFileReference section */

/* Begin PBXFrameworksBuildPhase section */
		AC5FC8B02CAF20D4003AC6FC /* Frameworks */ = {
			isa = PBXFrameworksBuildPhase;
			buildActionMask = 2147483647;
			files = (
				AC1DBEBA2CC5342300571253 /* SymbolPicker in Frameworks */,
				ACF8D20E2CC1A6AD0085E34C /* LaunchAtLogin in Frameworks */,
			);
			runOnlyForDeploymentPostprocessing = 0;
		};
		AC5FC8C12CAF20D6003AC6FC /* Frameworks */ = {
			isa = PBXFrameworksBuildPhase;
			buildActionMask = 2147483647;
			files = (
			);
			runOnlyForDeploymentPostprocessing = 0;
		};
		AC5FC8CB2CAF20D6003AC6FC /* Frameworks */ = {
			isa = PBXFrameworksBuildPhase;
			buildActionMask = 2147483647;
			files = (
			);
			runOnlyForDeploymentPostprocessing = 0;
		};
/* End PBXFrameworksBuildPhase section */

/* Begin PBXGroup section */
		AC5FC8AA2CAF20D4003AC6FC = {
			isa = PBXGroup;
			children = (
				AC7F09EF2E945D8500E28D13 /* SomLauncher-icon.icon */,
				ACE08EA52DDA6489003130C7 /* SomLauncher.xctestplan */,
				AC5FC8B42CAF20D4003AC6FC /* Products */,
				AC5FC8B52CAF20D4003AC6FC /* SomLauncher */,
				AC5FC8D12CAF20D6003AC6FC /* SomLauncherUITests */,
			);
			sourceTree = "<group>";
		};
		AC5FC8B42CAF20D4003AC6FC /* Products */ = {
			isa = PBXGroup;
			children = (
				AC5FC8B32CAF20D4003AC6FC /* SomLauncher.app */,
				AC5FC8C42CAF20D6003AC6FC /* SomLauncherTests.xctest */,
				AC5FC8CE2CAF20D6003AC6FC /* SomLauncherUITests.xctest */,
			);
			name = Products;
			sourceTree = "<group>";
		};
		AC5FC8B52CAF20D4003AC6FC /* SomLauncher */ = {
			isa = PBXGroup;
			children = (
				AC0208FF2D983B4A00AB2AE1 /* Info.plist */,
				AC5FC8BF2CAF20D6003AC6FC /* SomLauncher.entitlements */,
				ACAC652E2CD66E4400A258D8 /* SomLauncherRelease.entitlements */,
				AC9342522CB075EB005AA1C2 /* AppMenu.swift */,
				AC5FC8B82CAF20D4003AC6FC /* ContentView.swift */,
				AC6035752CCD057200A38C98 /* DockIcon.swift */,
				AC837C162CF21A45007C70C7 /* OnboardingView.swift */,
				AC1DBEBB2CC5615500571253 /* Settings.swift */,
				AC5FC8B62CAF20D4003AC6FC /* SomLauncherApp.swift */,
				AC5FC8BA2CAF20D6003AC6FC /* Assets.xcassets */,
				ACD825EB2CBC545000106A77 /* data */,
				ACD825E52CBC52C400106A77 /* launchBuilder */,
				AC5FC8BC2CAF20D6003AC6FC /* Preview Content */,
				AC8914A32CB3085200C476B4 /* styles */,
				ACD825E62CBC52EF00106A77 /* system */,
			);
			path = SomLauncher;
			sourceTree = "<group>";
		};
		AC5FC8BC2CAF20D6003AC6FC /* Preview Content */ = {
			isa = PBXGroup;
			children = (
				AC5FC8BD2CAF20D6003AC6FC /* Preview Assets.xcassets */,
			);
			path = "Preview Content";
			sourceTree = "<group>";
		};
		AC5FC8D12CAF20D6003AC6FC /* SomLauncherUITests */ = {
			isa = PBXGroup;
			children = (
				AC5FC8D22CAF20D6003AC6FC /* SomLauncherUITests.swift */,
			);
			path = SomLauncherUITests;
			sourceTree = "<group>";
		};
		AC8914A32CB3085200C476B4 /* styles */ = {
			isa = PBXGroup;
			children = (
				AC8914AE2CB470A700C476B4 /* LabelStyles.swift */,
				AC8914A62CB31F9100C476B4 /* SectionStyles.swift */,
				AC8914A42CB3085900C476B4 /* ButtonStyles.swift */,
			);
			path = styles;
			sourceTree = "<group>";
		};
		ACD825E52CBC52C400106A77 /* launchBuilder */ = {
			isa = PBXGroup;
			children = (
				ACD825E92CBC542000106A77 /* LaunchAction.swift */,
				ACD825E12CBC4FDB00106A77 /* LaunchBuilderView.swift */,
				ACFFEBA92CBB0CB600965AA3 /* UrlInputSheet.swift */,
				AC8914A82CB46BC200C476B4 /* CreateLaunchItemView.swift */,
				AC8914A12CB3082F00C476B4 /* SelectAppSheet.swift */,
			);
			path = launchBuilder;
			sourceTree = "<group>";
		};
		ACD825E62CBC52EF00106A77 /* system */ = {
			isa = PBXGroup;
			children = (
				AC1F6B832CE92F29004E8D30 /* FileBookmarks.swift */,
				AC0073CA2CD1824F00F91623 /* ImageSaver.swift */,
				AC55DFD42CCE4C69004D6D87 /* ViewExt.swift */,
				ACD825E72CBC532700106A77 /* AppLauncher.swift */,
				AC89149F2CB3076000C476B4 /* FileManager.swift */,
				AC89149D2CB14D0C00C476B4 /* AppIconProvider.swift */,
			);
			path = system;
			sourceTree = "<group>";
		};
		ACD825EB2CBC545000106A77 /* data */ = {
			isa = PBXGroup;
			children = (
				AC8914AC2CB46CBE00C476B4 /* LauncherScript.swift */,
			);
			path = data;
			sourceTree = "<group>";
		};
/* End PBXGroup section */

/* Begin PBXNativeTarget section */
		AC5FC8B22CAF20D4003AC6FC /* SomLauncher */ = {
			isa = PBXNativeTarget;
			buildConfigurationList = AC5FC8D82CAF20D6003AC6FC /* Build configuration list for PBXNativeTarget "SomLauncher" */;
			buildPhases = (
				AC5FC8AF2CAF20D4003AC6FC /* Sources */,
				AC5FC8B02CAF20D4003AC6FC /* Frameworks */,
				AC5FC8B12CAF20D4003AC6FC /* Resources */,
			);
			buildRules = (
			);
			dependencies = (
			);
			name = SomLauncher;
			productName = xLauncher;
			productReference = AC5FC8B32CAF20D4003AC6FC /* SomLauncher.app */;
			productType = "com.apple.product-type.application";
		};
		AC5FC8C32CAF20D6003AC6FC /* SomLauncherTests */ = {
			isa = PBXNativeTarget;
			buildConfigurationList = AC5FC8DB2CAF20D6003AC6FC /* Build configuration list for PBXNativeTarget "SomLauncherTests" */;
			buildPhases = (
				AC5FC8C02CAF20D6003AC6FC /* Sources */,
				AC5FC8C12CAF20D6003AC6FC /* Frameworks */,
				AC5FC8C22CAF20D6003AC6FC /* Resources */,
			);
			buildRules = (
			);
			dependencies = (
				AC5FC8C62CAF20D6003AC6FC /* PBXTargetDependency */,
			);
			name = SomLauncherTests;
			productName = xLauncherTests;
			productReference = AC5FC8C42CAF20D6003AC6FC /* SomLauncherTests.xctest */;
			productType = "com.apple.product-type.bundle.unit-test";
		};
		AC5FC8CD2CAF20D6003AC6FC /* SomLauncherUITests */ = {
			isa = PBXNativeTarget;
			buildConfigurationList = AC5FC8DE2CAF20D6003AC6FC /* Build configuration list for PBXNativeTarget "SomLauncherUITests" */;
			buildPhases = (
				AC5FC8CA2CAF20D6003AC6FC /* Sources */,
				AC5FC8CB2CAF20D6003AC6FC /* Frameworks */,
				AC5FC8CC2CAF20D6003AC6FC /* Resources */,
			);
			buildRules = (
			);
			dependencies = (
				AC5FC8D02CAF20D6003AC6FC /* PBXTargetDependency */,
			);
			name = SomLauncherUITests;
			productName = xLauncherUITests;
			productReference = AC5FC8CE2CAF20D6003AC6FC /* SomLauncherUITests.xctest */;
			productType = "com.apple.product-type.bundle.ui-testing";
		};
/* End PBXNativeTarget section */

/* Begin PBXProject section */
		AC5FC8AB2CAF20D4003AC6FC /* Project object */ = {
			isa = PBXProject;
			attributes = {
				BuildIndependentTargetsInParallel = 1;
				LastSwiftUpdateCheck = 1540;
				LastUpgradeCheck = 1600;
				TargetAttributes = {
					AC5FC8B22CAF20D4003AC6FC = {
						CreatedOnToolsVersion = 15.4;
					};
					AC5FC8C32CAF20D6003AC6FC = {
						CreatedOnToolsVersion = 15.4;
						TestTargetID = AC5FC8B22CAF20D4003AC6FC;
					};
					AC5FC8CD2CAF20D6003AC6FC = {
						CreatedOnToolsVersion = 15.4;
						TestTargetID = AC5FC8B22CAF20D4003AC6FC;
					};
				};
			};
			buildConfigurationList = AC5FC8AE2CAF20D4003AC6FC /* Build configuration list for PBXProject "SomLauncher" */;
			compatibilityVersion = "Xcode 14.0";
			developmentRegion = en;
			hasScannedForEncodings = 0;
			knownRegions = (
				en,
				Base,
			);
			mainGroup = AC5FC8AA2CAF20D4003AC6FC;
			packageReferences = (
				ACF8D20C2CC1A6AD0085E34C /* XCRemoteSwiftPackageReference "LaunchAtLogin-Modern" */,
				AC1DBEB82CC5342300571253 /* XCRemoteSwiftPackageReference "SymbolPicker" */,
			);
			productRefGroup = AC5FC8B42CAF20D4003AC6FC /* Products */;
			projectDirPath = "";
			projectRoot = "";
			targets = (
				AC5FC8B22CAF20D4003AC6FC /* SomLauncher */,
				AC5FC8C32CAF20D6003AC6FC /* SomLauncherTests */,
				AC5FC8CD2CAF20D6003AC6FC /* SomLauncherUITests */,
			);
		};
/* End PBXProject section */

/* Begin PBXResourcesBuildPhase section */
		AC5FC8B12CAF20D4003AC6FC /* Resources */ = {
			isa = PBXResourcesBuildPhase;
			buildActionMask = 2147483647;
			files = (
				AC5FC8BE2CAF20D6003AC6FC /* Preview Assets.xcassets in Resources */,
				AC5FC8BB2CAF20D6003AC6FC /* Assets.xcassets in Resources */,
				AC7F09F02E945D8500E28D13 /* SomLauncher-icon.icon in Resources */,
			);
			runOnlyForDeploymentPostprocessing = 0;
		};
		AC5FC8C22CAF20D6003AC6FC /* Resources */ = {
			isa = PBXResourcesBuildPhase;
			buildActionMask = 2147483647;
			files = (
			);
			runOnlyForDeploymentPostprocessing = 0;
		};
		AC5FC8CC2CAF20D6003AC6FC /* Resources */ = {
			isa = PBXResourcesBuildPhase;
			buildActionMask = 2147483647;
			files = (
			);
			runOnlyForDeploymentPostprocessing = 0;
		};
/* End PBXResourcesBuildPhase section */

/* Begin PBXSourcesBuildPhase section */
		AC5FC8AF2CAF20D4003AC6FC /* Sources */ = {
			isa = PBXSourcesBuildPhase;
			buildActionMask = 2147483647;
			files = (
				AC8914A02CB3076200C476B4 /* FileManager.swift in Sources */,
				ACD825E82CBC532700106A77 /* AppLauncher.swift in Sources */,
				AC9342532CB075EF005AA1C2 /* AppMenu.swift in Sources */,
				AC1F6B842CE92F31004E8D30 /* FileBookmarks.swift in Sources */,
				AC89149E2CB14D1300C476B4 /* AppIconProvider.swift in Sources */,
				AC0073CB2CD1825200F91623 /* ImageSaver.swift in Sources */,
				AC8914A22CB3083400C476B4 /* SelectAppSheet.swift in Sources */,
				AC8914A52CB3085C00C476B4 /* ButtonStyles.swift in Sources */,
				AC8914AF2CB470A900C476B4 /* LabelStyles.swift in Sources */,
				AC5FC8B92CAF20D4003AC6FC /* ContentView.swift in Sources */,
				AC55DFD52CCE4C6E004D6D87 /* ViewExt.swift in Sources */,
				AC8914A92CB46BCE00C476B4 /* CreateLaunchItemView.swift in Sources */,
				AC6035762CCD057500A38C98 /* DockIcon.swift in Sources */,
				AC8914AD2CB46CC100C476B4 /* LauncherScript.swift in Sources */,
				AC837C172CF21A49007C70C7 /* OnboardingView.swift in Sources */,
				AC1DBEBC2CC5615700571253 /* Settings.swift in Sources */,
				ACD825EA2CBC542000106A77 /* LaunchAction.swift in Sources */,
				AC5FC8B72CAF20D4003AC6FC /* SomLauncherApp.swift in Sources */,
				ACD825E22CBC4FDC00106A77 /* LaunchBuilderView.swift in Sources */,
				ACFFEBAA2CBB0CBB00965AA3 /* UrlInputSheet.swift in Sources */,
				AC8914A72CB31F9400C476B4 /* SectionStyles.swift in Sources */,
			);
			runOnlyForDeploymentPostprocessing = 0;
		};
		AC5FC8C02CAF20D6003AC6FC /* Sources */ = {
			isa = PBXSourcesBuildPhase;
			buildActionMask = 2147483647;
			files = (
			);
			runOnlyForDeploymentPostprocessing = 0;
		};
		AC5FC8CA2CAF20D6003AC6FC /* Sources */ = {
			isa = PBXSourcesBuildPhase;
			buildActionMask = 2147483647;
			files = (
				AC5FC8D32CAF20D6003AC6FC /* SomLauncherUITests.swift in Sources */,
			);
			runOnlyForDeploymentPostprocessing = 0;
		};
/* End PBXSourcesBuildPhase section */

/* Begin PBXTargetDependency section */
		AC5FC8C62CAF20D6003AC6FC /* PBXTargetDependency */ = {
			isa = PBXTargetDependency;
			target = AC5FC8B22CAF20D4003AC6FC /* SomLauncher */;
			targetProxy = AC5FC8C52CAF20D6003AC6FC /* PBXContainerItemProxy */;
		};
		AC5FC8D02CAF20D6003AC6FC /* PBXTargetDependency */ = {
			isa = PBXTargetDependency;
			target = AC5FC8B22CAF20D4003AC6FC /* SomLauncher */;
			targetProxy = AC5FC8CF2CAF20D6003AC6FC /* PBXContainerItemProxy */;
		};
/* End PBXTargetDependency section */

/* Begin XCBuildConfiguration section */
		AC5FC8D62CAF20D6003AC6FC /* Debug */ = {
			isa = XCBuildConfiguration;
			buildSettings = {
				ALWAYS_SEARCH_USER_PATHS = NO;
				ASSETCATALOG_COMPILER_GENERATE_SWIFT_ASSET_SYMBOL_EXTENSIONS = YES;
				CLANG_ANALYZER_NONNULL = YES;
				CLANG_ANALYZER_NUMBER_OBJECT_CONVERSION = YES_AGGRESSIVE;
				CLANG_CXX_LANGUAGE_STANDARD = "gnu++20";
				CLANG_ENABLE_MODULES = YES;
				CLANG_ENABLE_OBJC_ARC = YES;
				CLANG_ENABLE_OBJC_WEAK = YES;
				CLANG_WARN_BLOCK_CAPTURE_AUTORELEASING = YES;
				CLANG_WARN_BOOL_CONVERSION = YES;
				CLANG_WARN_COMMA = YES;
				CLANG_WARN_CONSTANT_CONVERSION = YES;
				CLANG_WARN_DEPRECATED_OBJC_IMPLEMENTATIONS = YES;
				CLANG_WARN_DIRECT_OBJC_ISA_USAGE = YES_ERROR;
				CLANG_WARN_DOCUMENTATION_COMMENTS = YES;
				CLANG_WARN_EMPTY_BODY = YES;
				CLANG_WARN_ENUM_CONVERSION = YES;
				CLANG_WARN_INFINITE_RECURSION = YES;
				CLANG_WARN_INT_CONVERSION = YES;
				CLANG_WARN_NON_LITERAL_NULL_CONVERSION = YES;
				CLANG_WARN_OBJC_IMPLICIT_RETAIN_SELF = YES;
				CLANG_WARN_OBJC_LITERAL_CONVERSION = YES;
				CLANG_WARN_OBJC_ROOT_CLASS = YES_ERROR;
				CLANG_WARN_QUOTED_INCLUDE_IN_FRAMEWORK_HEADER = YES;
				CLANG_WARN_RANGE_LOOP_ANALYSIS = YES;
				CLANG_WARN_STRICT_PROTOTYPES = YES;
				CLANG_WARN_SUSPICIOUS_MOVE = YES;
				CLANG_WARN_UNGUARDED_AVAILABILITY = YES_AGGRESSIVE;
				CLANG_WARN_UNREACHABLE_CODE = YES;
				CLANG_WARN__DUPLICATE_METHOD_MATCH = YES;
				COPY_PHASE_STRIP = NO;
				DEAD_CODE_STRIPPING = YES;
				DEBUG_INFORMATION_FORMAT = dwarf;
				ENABLE_STRICT_OBJC_MSGSEND = YES;
				ENABLE_TESTABILITY = YES;
				ENABLE_USER_SCRIPT_SANDBOXING = YES;
				GCC_C_LANGUAGE_STANDARD = gnu17;
				GCC_DYNAMIC_NO_PIC = NO;
				GCC_NO_COMMON_BLOCKS = YES;
				GCC_OPTIMIZATION_LEVEL = 0;
				GCC_PREPROCESSOR_DEFINITIONS = (
					"DEBUG=1",
					"$(inherited)",
				);
				GCC_WARN_64_TO_32_BIT_CONVERSION = YES;
				GCC_WARN_ABOUT_RETURN_TYPE = YES_ERROR;
				GCC_WARN_UNDECLARED_SELECTOR = YES;
				GCC_WARN_UNINITIALIZED_AUTOS = YES_AGGRESSIVE;
				GCC_WARN_UNUSED_FUNCTION = YES;
				GCC_WARN_UNUSED_VARIABLE = YES;
				LOCALIZATION_PREFERS_STRING_CATALOGS = YES;
				MACOSX_DEPLOYMENT_TARGET = 14.5;
				MTL_ENABLE_DEBUG_INFO = INCLUDE_SOURCE;
				MTL_FAST_MATH = YES;
				ONLY_ACTIVE_ARCH = YES;
				SDKROOT = macosx;
				SWIFT_ACTIVE_COMPILATION_CONDITIONS = "DEBUG $(inherited)";
				SWIFT_OPTIMIZATION_LEVEL = "-Onone";
			};
			name = Debug;
		};
		AC5FC8D72CAF20D6003AC6FC /* Release */ = {
			isa = XCBuildConfiguration;
			buildSettings = {
				ALWAYS_SEARCH_USER_PATHS = NO;
				ASSETCATALOG_COMPILER_GENERATE_SWIFT_ASSET_SYMBOL_EXTENSIONS = YES;
				CLANG_ANALYZER_NONNULL = YES;
				CLANG_ANALYZER_NUMBER_OBJECT_CONVERSION = YES_AGGRESSIVE;
				CLANG_CXX_LANGUAGE_STANDARD = "gnu++20";
				CLANG_ENABLE_MODULES = YES;
				CLANG_ENABLE_OBJC_ARC = YES;
				CLANG_ENABLE_OBJC_WEAK = YES;
				CLANG_WARN_BLOCK_CAPTURE_AUTORELEASING = YES;
				CLANG_WARN_BOOL_CONVERSION = YES;
				CLANG_WARN_COMMA = YES;
				CLANG_WARN_CONSTANT_CONVERSION = YES;
				CLANG_WARN_DEPRECATED_OBJC_IMPLEMENTATIONS = YES;
				CLANG_WARN_DIRECT_OBJC_ISA_USAGE = YES_ERROR;
				CLANG_WARN_DOCUMENTATION_COMMENTS = YES;
				CLANG_WARN_EMPTY_BODY = YES;
				CLANG_WARN_ENUM_CONVERSION = YES;
				CLANG_WARN_INFINITE_RECURSION = YES;
				CLANG_WARN_INT_CONVERSION = YES;
				CLANG_WARN_NON_LITERAL_NULL_CONVERSION = YES;
				CLANG_WARN_OBJC_IMPLICIT_RETAIN_SELF = YES;
				CLANG_WARN_OBJC_LITERAL_CONVERSION = YES;
				CLANG_WARN_OBJC_ROOT_CLASS = YES_ERROR;
				CLANG_WARN_QUOTED_INCLUDE_IN_FRAMEWORK_HEADER = YES;
				CLANG_WARN_RANGE_LOOP_ANALYSIS = YES;
				CLANG_WARN_STRICT_PROTOTYPES = YES;
				CLANG_WARN_SUSPICIOUS_MOVE = YES;
				CLANG_WARN_UNGUARDED_AVAILABILITY = YES_AGGRESSIVE;
				CLANG_WARN_UNREACHABLE_CODE = YES;
				CLANG_WARN__DUPLICATE_METHOD_MATCH = YES;
				COPY_PHASE_STRIP = NO;
				DEAD_CODE_STRIPPING = YES;
				DEBUG_INFORMATION_FORMAT = "dwarf-with-dsym";
				ENABLE_NS_ASSERTIONS = NO;
				ENABLE_STRICT_OBJC_MSGSEND = YES;
				ENABLE_USER_SCRIPT_SANDBOXING = YES;
				GCC_C_LANGUAGE_STANDARD = gnu17;
				GCC_NO_COMMON_BLOCKS = YES;
				GCC_WARN_64_TO_32_BIT_CONVERSION = YES;
				GCC_WARN_ABOUT_RETURN_TYPE = YES_ERROR;
				GCC_WARN_UNDECLARED_SELECTOR = YES;
				GCC_WARN_UNINITIALIZED_AUTOS = YES_AGGRESSIVE;
				GCC_WARN_UNUSED_FUNCTION = YES;
				GCC_WARN_UNUSED_VARIABLE = YES;
				LOCALIZATION_PREFERS_STRING_CATALOGS = YES;
				MACOSX_DEPLOYMENT_TARGET = 14.5;
				MTL_ENABLE_DEBUG_INFO = NO;
				MTL_FAST_MATH = YES;
				ONLY_ACTIVE_ARCH = NO;
				SDKROOT = macosx;
				SWIFT_COMPILATION_MODE = wholemodule;
			};
			name = Release;
		};
		AC5FC8D92CAF20D6003AC6FC /* Debug */ = {
			isa = XCBuildConfiguration;
			buildSettings = {
				ASSETCATALOG_COMPILER_APPICON_NAME = "SomLauncher-icon";
				ASSETCATALOG_COMPILER_GLOBAL_ACCENT_COLOR_NAME = AccentColor;
				ASSETCATALOG_COMPILER_INCLUDE_ALL_APPICON_ASSETS = YES;
				CODE_SIGN_ENTITLEMENTS = SomLauncher/SomLauncher.entitlements;
				CODE_SIGN_IDENTITY = "Apple Development";
				"CODE_SIGN_IDENTITY[sdk=macosx*]" = "Apple Development";
				CODE_SIGN_STYLE = Automatic;
				COMBINE_HIDPI_IMAGES = YES;
				CURRENT_PROJECT_VERSION = 6;
				DEAD_CODE_STRIPPING = YES;
				DEVELOPMENT_ASSET_PATHS = "\"SomLauncher/Preview Content\"";
				DEVELOPMENT_TEAM = W3448ZZA79;
				ENABLE_HARDENED_RUNTIME = NO;
				ENABLE_PREVIEWS = YES;
				GENERATE_INFOPLIST_FILE = YES;
				INFOPLIST_FILE = SomLauncher/Info.plist;
				INFOPLIST_KEY_CFBundleDisplayName = SomLauncher;
				INFOPLIST_KEY_LSApplicationCategoryType = "public.app-category.productivity";
				INFOPLIST_KEY_LSUIElement = YES;
				INFOPLIST_KEY_NSHumanReadableCopyright = "";
				LD_RUNPATH_SEARCH_PATHS = (
					"$(inherited)",
					"@executable_path/../Frameworks",
				);
				MACOSX_DEPLOYMENT_TARGET = 14.0;
				MARKETING_VERSION = 2.0;
				PRODUCT_BUNDLE_IDENTIFIER = com.somapplication.launcher;
				PRODUCT_NAME = "$(TARGET_NAME)";
				PROVISIONING_PROFILE_SPECIFIER = "";
				SWIFT_EMIT_LOC_STRINGS = YES;
				SWIFT_VERSION = 5.0;
			};
			name = Debug;
		};
		AC5FC8DA2CAF20D6003AC6FC /* Release */ = {
			isa = XCBuildConfiguration;
			buildSettings = {
				ASSETCATALOG_COMPILER_APPICON_NAME = "SomLauncher-icon";
				ASSETCATALOG_COMPILER_GLOBAL_ACCENT_COLOR_NAME = AccentColor;
				ASSETCATALOG_COMPILER_INCLUDE_ALL_APPICON_ASSETS = YES;
				CODE_SIGN_ENTITLEMENTS = SomLauncher/SomLauncherRelease.entitlements;
				CODE_SIGN_IDENTITY = "Apple Development";
				"CODE_SIGN_IDENTITY[sdk=macosx*]" = "Apple Development";
				CODE_SIGN_STYLE = Automatic;
				COMBINE_HIDPI_IMAGES = YES;
				CURRENT_PROJECT_VERSION = 6;
				DEAD_CODE_STRIPPING = YES;
				DEVELOPMENT_ASSET_PATHS = "\"SomLauncher/Preview Content\"";
				DEVELOPMENT_TEAM = W3448ZZA79;
				ENABLE_HARDENED_RUNTIME = YES;
				ENABLE_PREVIEWS = YES;
				GENERATE_INFOPLIST_FILE = YES;
				INFOPLIST_FILE = SomLauncher/Info.plist;
				INFOPLIST_KEY_CFBundleDisplayName = SomLauncher;
				INFOPLIST_KEY_LSApplicationCategoryType = "public.app-category.productivity";
				INFOPLIST_KEY_LSUIElement = YES;
				INFOPLIST_KEY_NSHumanReadableCopyright = "";
				LD_RUNPATH_SEARCH_PATHS = (
					"$(inherited)",
					"@executable_path/../Frameworks",
				);
				MACOSX_DEPLOYMENT_TARGET = 14.0;
				MARKETING_VERSION = 2.0;
				PRODUCT_BUNDLE_IDENTIFIER = com.somapplication.launcher;
				PRODUCT_NAME = "$(TARGET_NAME)";
				PROVISIONING_PROFILE_SPECIFIER = "";
				SWIFT_EMIT_LOC_STRINGS = YES;
				SWIFT_VERSION = 5.0;
			};
			name = Release;
		};
		AC5FC8DC2CAF20D6003AC6FC /* Debug */ = {
			isa = XCBuildConfiguration;
			buildSettings = {
				BUNDLE_LOADER = "$(TEST_HOST)";
				CODE_SIGN_STYLE = Automatic;
				CURRENT_PROJECT_VERSION = 1;
				DEAD_CODE_STRIPPING = YES;
				GENERATE_INFOPLIST_FILE = YES;
				MACOSX_DEPLOYMENT_TARGET = 14.5;
				MARKETING_VERSION = 1.0;
				PRODUCT_BUNDLE_IDENTIFIER = se.somapp.xLauncherTests;
				PRODUCT_NAME = "$(TARGET_NAME)";
				SWIFT_EMIT_LOC_STRINGS = NO;
				SWIFT_VERSION = 5.0;
				TEST_HOST = "$(BUILT_PRODUCTS_DIR)/SomLauncher.app/$(BUNDLE_EXECUTABLE_FOLDER_PATH)/SomLauncher";
			};
			name = Debug;
		};
		AC5FC8DD2CAF20D6003AC6FC /* Release */ = {
			isa = XCBuildConfiguration;
			buildSettings = {
				BUNDLE_LOADER = "$(TEST_HOST)";
				CODE_SIGN_STYLE = Automatic;
				CURRENT_PROJECT_VERSION = 1;
				DEAD_CODE_STRIPPING = YES;
				GENERATE_INFOPLIST_FILE = YES;
				MACOSX_DEPLOYMENT_TARGET = 14.5;
				MARKETING_VERSION = 1.0;
				PRODUCT_BUNDLE_IDENTIFIER = se.somapp.xLauncherTests;
				PRODUCT_NAME = "$(TARGET_NAME)";
				SWIFT_EMIT_LOC_STRINGS = NO;
				SWIFT_VERSION = 5.0;
				TEST_HOST = "$(BUILT_PRODUCTS_DIR)/SomLauncher.app/$(BUNDLE_EXECUTABLE_FOLDER_PATH)/SomLauncher";
			};
			name = Release;
		};
		AC5FC8DF2CAF20D6003AC6FC /* Debug */ = {
			isa = XCBuildConfiguration;
			buildSettings = {
				CODE_SIGN_STYLE = Automatic;
				CURRENT_PROJECT_VERSION = 1;
				DEAD_CODE_STRIPPING = YES;
				GENERATE_INFOPLIST_FILE = YES;
				MARKETING_VERSION = 1.0;
				PRODUCT_BUNDLE_IDENTIFIER = se.somapp.xLauncherUITests;
				PRODUCT_NAME = "$(TARGET_NAME)";
				PROVISIONING_PROFILE = "";
				SWIFT_EMIT_LOC_STRINGS = NO;
				SWIFT_VERSION = 5.0;
				TEST_TARGET_NAME = SomLauncher;
			};
			name = Debug;
		};
		AC5FC8E02CAF20D6003AC6FC /* Release */ = {
			isa = XCBuildConfiguration;
			buildSettings = {
				CODE_SIGN_STYLE = Automatic;
				CURRENT_PROJECT_VERSION = 1;
				DEAD_CODE_STRIPPING = YES;
				GENERATE_INFOPLIST_FILE = YES;
				MARKETING_VERSION = 1.0;
				PRODUCT_BUNDLE_IDENTIFIER = se.somapp.xLauncherUITests;
				PRODUCT_NAME = "$(TARGET_NAME)";
				PROVISIONING_PROFILE = "";
				SWIFT_EMIT_LOC_STRINGS = NO;
				SWIFT_VERSION = 5.0;
				TEST_TARGET_NAME = SomLauncher;
			};
			name = Release;
		};
/* End XCBuildConfiguration section */

/* Begin XCConfigurationList section */
		AC5FC8AE2CAF20D4003AC6FC /* Build configuration list for PBXProject "SomLauncher" */ = {
			isa = XCConfigurationList;
			buildConfigurations = (
				AC5FC8D62CAF20D6003AC6FC /* Debug */,
				AC5FC8D72CAF20D6003AC6FC /* Release */,
			);
			defaultConfigurationIsVisible = 0;
			defaultConfigurationName = Release;
		};
		AC5FC8D82CAF20D6003AC6FC /* Build configuration list for PBXNativeTarget "SomLauncher" */ = {
			isa = XCConfigurationList;
			buildConfigurations = (
				AC5FC8D92CAF20D6003AC6FC /* Debug */,
				AC5FC8DA2CAF20D6003AC6FC /* Release */,
			);
			defaultConfigurationIsVisible = 0;
			defaultConfigurationName = Release;
		};
		AC5FC8DB2CAF20D6003AC6FC /* Build configuration list for PBXNativeTarget "SomLauncherTests" */ = {
			isa = XCConfigurationList;
			buildConfigurations = (
				AC5FC8DC2CAF20D6003AC6FC /* Debug */,
				AC5FC8DD2CAF20D6003AC6FC /* Release */,
			);
			defaultConfigurationIsVisible = 0;
			defaultConfigurationName = Release;
		};
		AC5FC8DE2CAF20D6003AC6FC /* Build configuration list for PBXNativeTarget "SomLauncherUITests" */ = {
			isa = XCConfigurationList;
			buildConfigurations = (
				AC5FC8DF2CAF20D6003AC6FC /* Debug */,
				AC5FC8E02CAF20D6003AC6FC /* Release */,
			);
			defaultConfigurationIsVisible = 0;
			defaultConfigurationName = Release;
		};
/* End XCConfigurationList section */

/* Begin XCRemoteSwiftPackageReference section */
		AC1DBEB82CC5342300571253 /* XCRemoteSwiftPackageReference "SymbolPicker" */ = {
			isa = XCRemoteSwiftPackageReference;
			repositoryURL = "https://github.com/xnth97/SymbolPicker.git";
			requirement = {
				kind = upToNextMajorVersion;
				minimumVersion = 1.5.3;
			};
		};
		ACF8D20C2CC1A6AD0085E34C /* XCRemoteSwiftPackageReference "LaunchAtLogin-Modern" */ = {
			isa = XCRemoteSwiftPackageReference;
			repositoryURL = "https://github.com/sindresorhus/LaunchAtLogin-Modern";
			requirement = {
				branch = main;
				kind = branch;
			};
		};
/* End XCRemoteSwiftPackageReference section */

/* Begin XCSwiftPackageProductDependency section */
		AC1DBEB92CC5342300571253 /* SymbolPicker */ = {
			isa = XCSwiftPackageProductDependency;
			package = AC1DBEB82CC5342300571253 /* XCRemoteSwiftPackageReference "SymbolPicker" */;
			productName = SymbolPicker;
		};
		ACF8D20D2CC1A6AD0085E34C /* LaunchAtLogin */ = {
			isa = XCSwiftPackageProductDependency;
			package = ACF8D20C2CC1A6AD0085E34C /* XCRemoteSwiftPackageReference "LaunchAtLogin-Modern" */;
			productName = LaunchAtLogin;
		};
/* End XCSwiftPackageProductDependency section */
	};
	rootObject = AC5FC8AB2CAF20D4003AC6FC /* Project object */;
}
